
Microsoft Visual Studio Solution File, Format Version 12.00
Project("{FAE04EC0-301F-11D3-BF4B-00C04F79EFBC}") = "mission6", "mission6\mission6.csproj", "{B523E3EC-1CC3-4E6E-9BEF-3F81C92A5F0C}"
EndProject
Global
	GlobalSection(SolutionConfigurationPlatforms) = preSolution
		Debug|Any CPU = Debug|Any CPU
		Release|Any CPU = Release|Any CPU
	EndGlobalSection
	GlobalSection(ProjectConfigurationPlatforms) = postSolution
		{B523E3EC-1CC3-4E6E-9BEF-3F81C92A5F0C}.Debug|Any CPU.ActiveCfg = Debug|Any CPU
		{B523E3EC-1CC3-4E6E-9BEF-3F81C92A5F0C}.Debug|Any CPU.Build.0 = Debug|Any CPU
		{B523E3EC-1CC3-4E6E-9BEF-3F81C92A5F0C}.Release|Any CPU.ActiveCfg = Release|Any CPU
		{B523E3EC-1CC3-4E6E-9BEF-3F81C92A5F0C}.Release|Any CPU.Build.0 = Release|Any CPU
	EndGlobalSection
EndGlobal
